
Microsoft Visual Studio Solution File, Format Version 12.00
# Visual Studio 2015
Project("{FAE04EC0-301F-11D3-BF4B-00C04F79EFBC}") = "Planets.CSharp", "Planets.CSharp.csproj", "{16DEC52B-7D01-9B3A-CC9F-D7D3B54AF035}"
EndProject
Global
	GlobalSection(SolutionConfigurationPlatforms) = preSolution
		Debug|Any CPU = Debug|Any CPU
		Release|Any CPU = Release|Any CPU
	EndGlobalSection
	GlobalSection(ProjectConfigurationPlatforms) = postSolution
		{16DEC52B-7D01-9B3A-CC9F-D7D3B54AF035}.Debug|Any CPU.ActiveCfg = Debug|Any CPU
		{16DEC52B-7D01-9B3A-CC9F-D7D3B54AF035}.Debug|Any CPU.Build.0 = Debug|Any CPU
		{16DEC52B-7D01-9B3A-CC9F-D7D3B54AF035}.Release|Any CPU.ActiveCfg = Release|Any CPU
		{16DEC52B-7D01-9B3A-CC9F-D7D3B54AF035}.Release|Any CPU.Build.0 = Release|Any CPU
	EndGlobalSection
	GlobalSection(SolutionProperties) = preSolution
		HideSolutionNode = FALSE
	EndGlobalSection
EndGlobal
